PODS:
  - FBSnapshotTestCase (2.1.4):
    - FBSnapshotTestCase/SwiftSupport (= 2.1.4)
  - FBSnapshotTestCase/Core (2.1.4)
  - FBSnapshotTestCase/SwiftSupport (2.1.4):
    - FBSnapshotTestCase/Core
  - LibEx (0.1.2)

DEPENDENCIES:
  - FBSnapshotTestCase (~> 2.1.4)
  - LibEx (from `../`)

SPEC REPOS:
  trunk:
    - FBSnapshotTestCase

EXTERNAL SOURCES:
  LibEx:
    :path: "../"

SPEC CHECKSUMS:
  FBSnapshotTestCase: 094f9f314decbabe373b87cc339bea235a63e07a
  LibEx: d6080c6eeeb1ce5a8cf3f99c6faee917b4c5244c

PODFILE CHECKSUM: 0927d69bb22bb542757b289fb25b7f69d2830d89

COCOAPODS: 1.12.1
